
Microsoft Visual Studio Solution File, Format Version 12.00
# Visual Studio Version 17
VisualStudioVersion = 17.14.36401.2 d17.14
MinimumVisualStudioVersion = 10.0.40219.1
Project("{FAE04EC0-301F-11D3-BF4B-00C04F79EFBC}") = "artius_CadastroProdutos_WebAPI", "artius_CadastroProdutos_WebAPI.csproj", "{71ABC5DA-983E-4A83-BE2B-07B9312859B7}"
EndProject
Global
	GlobalSection(SolutionConfigurationPlatforms) = preSolution
		Debug|Any CPU = Debug|Any CPU
		Release|Any CPU = Release|Any CPU
	EndGlobalSection
	GlobalSection(ProjectConfigurationPlatforms) = postSolution
		{71ABC5DA-983E-4A83-BE2B-07B9312859B7}.Debug|Any CPU.ActiveCfg = Debug|Any CPU
		{71ABC5DA-983E-4A83-BE2B-07B9312859B7}.Debug|Any CPU.Build.0 = Debug|Any CPU
		{71ABC5DA-983E-4A83-BE2B-07B9312859B7}.Release|Any CPU.ActiveCfg = Release|Any CPU
		{71ABC5DA-983E-4A83-BE2B-07B9312859B7}.Release|Any CPU.Build.0 = Release|Any CPU
	EndGlobalSection
	GlobalSection(SolutionProperties) = preSolution
		HideSolutionNode = FALSE
	EndGlobalSection
	GlobalSection(ExtensibilityGlobals) = postSolution
		SolutionGuid = {3BD717F5-636F-44D9-B536-DFE14A5CAE2F}
	EndGlobalSection
EndGlobal
